
Microsoft Visual Studio Solution File, Format Version 12.00
# Visual Studio Version 17
VisualStudioVersion = 17.12.35527.113
MinimumVisualStudioVersion = 10.0.40219.1
Project("{FAE04EC0-301F-11D3-BF4B-00C04F79EFBC}") = "QrVision.Api", "src\QrVision.Api\QrVision.Api.csproj", "{A1C29DA4-1CB6-4B57-BCD0-0629ED296170}"
EndProject
Project("{2150E333-8FDC-42A3-9474-1A3956D46DE8}") = "Microservices", "Microservices", "{5C16AE85-42AA-41E3-A99C-28FB74D38378}"
EndProject
Project("{FAE04EC0-301F-11D3-BF4B-00C04F79EFBC}") = "QrVision.Worker", "src\QrVision.Worker\QrVision.Worker.csproj", "{070C1BE9-8F41-4D63-A0F3-CEC1B4DCC825}"
EndProject
Project("{2150E333-8FDC-42A3-9474-1A3956D46DE8}") = "SharedComponents", "SharedComponents", "{2EE3449D-B288-4ABD-A6B0-7FED81AA16EA}"
EndProject
Project("{FAE04EC0-301F-11D3-BF4B-00C04F79EFBC}") = "QrVision.Domain", "src\QrVision.Domain\QrVision.Domain.csproj", "{C7E89AFB-154C-405D-85A5-A8966542B664}"
EndProject
Project("{FAE04EC0-301F-11D3-BF4B-00C04F79EFBC}") = "QrVision.Infra", "src\QrVision.Infra\QrVision.Infra.csproj", "{E7C6AC34-7557-4EE8-A109-0C583CF543D7}"
EndProject
Project("{FAE04EC0-301F-11D3-BF4B-00C04F79EFBC}") = "QrVision.UnitTests", "tests\QrVision.UnitTests\QrVision.UnitTests.csproj", "{5CA79D58-00F2-4974-85DB-67DF0B0DDDE1}"
EndProject
Project("{2150E333-8FDC-42A3-9474-1A3956D46DE8}") = "Tests", "Tests", "{7180C090-1D71-41BB-BD6F-4ABC2D78C7EE}"
EndProject
Global
	GlobalSection(SolutionConfigurationPlatforms) = preSolution
		Debug|Any CPU = Debug|Any CPU
		Release|Any CPU = Release|Any CPU
	EndGlobalSection
	GlobalSection(ProjectConfigurationPlatforms) = postSolution
		{A1C29DA4-1CB6-4B57-BCD0-0629ED296170}.Debug|Any CPU.ActiveCfg = Debug|Any CPU
		{A1C29DA4-1CB6-4B57-BCD0-0629ED296170}.Debug|Any CPU.Build.0 = Debug|Any CPU
		{A1C29DA4-1CB6-4B57-BCD0-0629ED296170}.Release|Any CPU.ActiveCfg = Release|Any CPU
		{A1C29DA4-1CB6-4B57-BCD0-0629ED296170}.Release|Any CPU.Build.0 = Release|Any CPU
		{070C1BE9-8F41-4D63-A0F3-CEC1B4DCC825}.Debug|Any CPU.ActiveCfg = Debug|Any CPU
		{070C1BE9-8F41-4D63-A0F3-CEC1B4DCC825}.Debug|Any CPU.Build.0 = Debug|Any CPU
		{070C1BE9-8F41-4D63-A0F3-CEC1B4DCC825}.Release|Any CPU.ActiveCfg = Release|Any CPU
		{070C1BE9-8F41-4D63-A0F3-CEC1B4DCC825}.Release|Any CPU.Build.0 = Release|Any CPU
		{C7E89AFB-154C-405D-85A5-A8966542B664}.Debug|Any CPU.ActiveCfg = Debug|Any CPU
		{C7E89AFB-154C-405D-85A5-A8966542B664}.Debug|Any CPU.Build.0 = Debug|Any CPU
		{C7E89AFB-154C-405D-85A5-A8966542B664}.Release|Any CPU.ActiveCfg = Release|Any CPU
		{C7E89AFB-154C-405D-85A5-A8966542B664}.Release|Any CPU.Build.0 = Release|Any CPU
		{E7C6AC34-7557-4EE8-A109-0C583CF543D7}.Debug|Any CPU.ActiveCfg = Debug|Any CPU
		{E7C6AC34-7557-4EE8-A109-0C583CF543D7}.Debug|Any CPU.Build.0 = Debug|Any CPU
		{E7C6AC34-7557-4EE8-A109-0C583CF543D7}.Release|Any CPU.ActiveCfg = Release|Any CPU
		{E7C6AC34-7557-4EE8-A109-0C583CF543D7}.Release|Any CPU.Build.0 = Release|Any CPU
		{5CA79D58-00F2-4974-85DB-67DF0B0DDDE1}.Debug|Any CPU.ActiveCfg = Debug|Any CPU
		{5CA79D58-00F2-4974-85DB-67DF0B0DDDE1}.Debug|Any CPU.Build.0 = Debug|Any CPU
		{5CA79D58-00F2-4974-85DB-67DF0B0DDDE1}.Release|Any CPU.ActiveCfg = Release|Any CPU
		{5CA79D58-00F2-4974-85DB-67DF0B0DDDE1}.Release|Any CPU.Build.0 = Release|Any CPU
	EndGlobalSection
	GlobalSection(SolutionProperties) = preSolution
		HideSolutionNode = FALSE
	EndGlobalSection
	GlobalSection(NestedProjects) = preSolution
		{A1C29DA4-1CB6-4B57-BCD0-0629ED296170} = {5C16AE85-42AA-41E3-A99C-28FB74D38378}
		{070C1BE9-8F41-4D63-A0F3-CEC1B4DCC825} = {5C16AE85-42AA-41E3-A99C-28FB74D38378}
		{C7E89AFB-154C-405D-85A5-A8966542B664} = {2EE3449D-B288-4ABD-A6B0-7FED81AA16EA}
		{E7C6AC34-7557-4EE8-A109-0C583CF543D7} = {2EE3449D-B288-4ABD-A6B0-7FED81AA16EA}
		{5CA79D58-00F2-4974-85DB-67DF0B0DDDE1} = {7180C090-1D71-41BB-BD6F-4ABC2D78C7EE}
	EndGlobalSection
EndGlobal
